// !$*UTF8*$!
{
	archiveVersion = 1;
	classes = {
	};
	objectVersion = 56;
	objects = {

/* Begin PBXBuildFile section */
		4277192629577049001A9CF9 /* StoreScreenViewModel.swift in Sources */ = {isa = PBXBuildFile; fileRef = 4277192529577049001A9CF9 /* StoreScreenViewModel.swift */; };
		427D70C929523A1E00751781 /* AppDelegate.swift in Sources */ = {isa = PBXBuildFile; fileRef = 427D70C829523A1E00751781 /* AppDelegate.swift */; };
		427D70CB29523A1E00751781 /* SceneDelegate.swift in Sources */ = {isa = PBXBuildFile; fileRef = 427D70CA29523A1E00751781 /* SceneDelegate.swift */; };
		427D70CD29523A1E00751781 /* HomeScreen.swift in Sources */ = {isa = PBXBuildFile; fileRef = 427D70CC29523A1E00751781 /* HomeScreen.swift */; };
		427D70D029523A1E00751781 /* Main.storyboard in Resources */ = {isa = PBXBuildFile; fileRef = 427D70CE29523A1E00751781 /* Main.storyboard */; };
		427D70D329523A1E00751781 /* Pathao_Shop.xcdatamodeld in Sources */ = {isa = PBXBuildFile; fileRef = 427D70D129523A1E00751781 /* Pathao_Shop.xcdatamodeld */; };
		427D70D529523A2000751781 /* Assets.xcassets in Resources */ = {isa = PBXBuildFile; fileRef = 427D70D429523A2000751781 /* Assets.xcassets */; };
		427D70D829523A2000751781 /* LaunchScreen.storyboard in Resources */ = {isa = PBXBuildFile; fileRef = 427D70D629523A2000751781 /* LaunchScreen.storyboard */; };
		427D70E029523C6400751781 /* pathao-shop.json in Resources */ = {isa = PBXBuildFile; fileRef = 427D70DF29523C6400751781 /* pathao-shop.json */; };
		427D70E2295243A200751781 /* Model.swift in Sources */ = {isa = PBXBuildFile; fileRef = 427D70E1295243A200751781 /* Model.swift */; };
		42ADAB2B29572B85001F125C /* Extension + NotificationCenter.swift in Sources */ = {isa = PBXBuildFile; fileRef = 42ADAB2A29572B85001F125C /* Extension + NotificationCenter.swift */; };
		A0DA0BE129532DA20077C4FE /* PathaoShopList.swift in Sources */ = {isa = PBXBuildFile; fileRef = A0DA0BDF29532DA20077C4FE /* PathaoShopList.swift */; };
		A0DA0BE229532DA20077C4FE /* PathaoShopList.xib in Resources */ = {isa = PBXBuildFile; fileRef = A0DA0BE029532DA20077C4FE /* PathaoShopList.xib */; };
		A0DA0BE629532DE20077C4FE /* ProductItemCell.swift in Sources */ = {isa = PBXBuildFile; fileRef = A0DA0BE429532DE20077C4FE /* ProductItemCell.swift */; };
		A0DA0BE729532DE20077C4FE /* ProductItemCell.xib in Resources */ = {isa = PBXBuildFile; fileRef = A0DA0BE529532DE20077C4FE /* ProductItemCell.xib */; };
		A0DA0BE9295331CD0077C4FE /* HomeScreenViewModel.swift in Sources */ = {isa = PBXBuildFile; fileRef = A0DA0BE8295331CD0077C4FE /* HomeScreenViewModel.swift */; };
		A0DA0BEC295336180077C4FE /* Extensions.swift in Sources */ = {isa = PBXBuildFile; fileRef = A0DA0BEB295336180077C4FE /* Extensions.swift */; };
		BC0DC313DF44AEB37C150223 /* Pods_Pathao_Shop.framework in Frameworks */ = {isa = PBXBuildFile; fileRef = 021C76315E15C6A9E88349FB /* Pods_Pathao_Shop.framework */; };
/* End PBXBuildFile section */

/* Begin PBXFileReference section */
		021C76315E15C6A9E88349FB /* Pods_Pathao_Shop.framework */ = {isa = PBXFileReference; explicitFileType = wrapper.framework; includeInIndex = 0; path = Pods_Pathao_Shop.framework; sourceTree = BUILT_PRODUCTS_DIR; };
		36FA558397775418811E8720 /* Pods-Pathao Shop.debug.xcconfig */ = {isa = PBXFileReference; includeInIndex = 1; lastKnownFileType = text.xcconfig; name = "Pods-Pathao Shop.debug.xcconfig"; path = "Target Support Files/Pods-Pathao Shop/Pods-Pathao Shop.debug.xcconfig"; sourceTree = "<group>"; };
		4277192529577049001A9CF9 /* StoreScreenViewModel.swift */ = {isa = PBXFileReference; lastKnownFileType = sourcecode.swift; path = StoreScreenViewModel.swift; sourceTree = "<group>"; };
		427D70C529523A1E00751781 /* Pathao Shop.app */ = {isa = PBXFileReference; explicitFileType = wrapper.application; includeInIndex = 0; path = "Pathao Shop.app"; sourceTree = BUILT_PRODUCTS_DIR; };
		427D70C829523A1E00751781 /* AppDelegate.swift */ = {isa = PBXFileReference; lastKnownFileType = sourcecode.swift; path = AppDelegate.swift; sourceTree = "<group>"; };
		427D70CA29523A1E00751781 /* SceneDelegate.swift */ = {isa = PBXFileReference; lastKnownFileType = sourcecode.swift; path = SceneDelegate.swift; sourceTree = "<group>"; };
		427D70CC29523A1E00751781 /* HomeScreen.swift */ = {isa = PBXFileReference; lastKnownFileType = sourcecode.swift; path = HomeScreen.swift; sourceTree = "<group>"; };
		427D70CF29523A1E00751781 /* Base */ = {isa = PBXFileReference; lastKnownFileType = file.storyboard; name = Base; path = Base.lproj/Main.storyboard; sourceTree = "<group>"; };
		427D70D229523A1E00751781 /* Pathao_Shop.xcdatamodel */ = {isa = PBXFileReference; lastKnownFileType = wrapper.xcdatamodel; path = Pathao_Shop.xcdatamodel; sourceTree = "<group>"; };
		427D70D429523A2000751781 /* Assets.xcassets */ = {isa = PBXFileReference; lastKnownFileType = folder.assetcatalog; path = Assets.xcassets; sourceTree = "<group>"; };
		427D70D729523A2000751781 /* Base */ = {isa = PBXFileReference; lastKnownFileType = file.storyboard; name = Base; path = Base.lproj/LaunchScreen.storyboard; sourceTree = "<group>"; };
		427D70D929523A2000751781 /* Info.plist */ = {isa = PBXFileReference; lastKnownFileType = text.plist.xml; path = Info.plist; sourceTree = "<group>"; };
		427D70DF29523C6400751781 /* pathao-shop.json */ = {isa = PBXFileReference; fileEncoding = 4; lastKnownFileType = text.json; path = "pathao-shop.json"; sourceTree = "<group>"; };
		427D70E1295243A200751781 /* Model.swift */ = {isa = PBXFileReference; lastKnownFileType = sourcecode.swift; path = Model.swift; sourceTree = "<group>"; };
		42ADAB2A29572B85001F125C /* Extension + NotificationCenter.swift */ = {isa = PBXFileReference; lastKnownFileType = sourcecode.swift; path = "Extension + NotificationCenter.swift"; sourceTree = "<group>"; };
		A0DA0BDF29532DA20077C4FE /* PathaoShopList.swift */ = {isa = PBXFileReference; lastKnownFileType = sourcecode.swift; path = PathaoShopList.swift; sourceTree = "<group>"; };
		A0DA0BE029532DA20077C4FE /* PathaoShopList.xib */ = {isa = PBXFileReference; lastKnownFileType = file.xib; path = PathaoShopList.xib; sourceTree = "<group>"; };
		A0DA0BE429532DE20077C4FE /* ProductItemCell.swift */ = {isa = PBXFileReference; lastKnownFileType = sourcecode.swift; path = ProductItemCell.swift; sourceTree = "<group>"; };
		A0DA0BE529532DE20077C4FE /* ProductItemCell.xib */ = {isa = PBXFileReference; lastKnownFileType = file.xib; path = ProductItemCell.xib; sourceTree = "<group>"; };
		A0DA0BE8295331CD0077C4FE /* HomeScreenViewModel.swift */ = {isa = PBXFileReference; lastKnownFileType = sourcecode.swift; path = HomeScreenViewModel.swift; sourceTree = "<group>"; };
		A0DA0BEB295336180077C4FE /* Extensions.swift */ = {isa = PBXFileReference; lastKnownFileType = sourcecode.swift; path = Extensions.swift; sourceTree = "<group>"; };
		B45E842736E8BAFEE30CE43B /* Pods-Pathao Shop.release.xcconfig */ = {isa = PBXFileReference; includeInIndex = 1; lastKnownFileType = text.xcconfig; name = "Pods-Pathao Shop.release.xcconfig"; path = "Target Support Files/Pods-Pathao Shop/Pods-Pathao Shop.release.xcconfig"; sourceTree = "<group>"; };
/* End PBXFileReference section */

/* Begin PBXFrameworksBuildPhase section */
		427D70C229523A1E00751781 /* Frameworks */ = {
			isa = PBXFrameworksBuildPhase;
			buildActionMask = 2147483647;
			files = (
				BC0DC313DF44AEB37C150223 /* Pods_Pathao_Shop.framework in Frameworks */,
			);
			runOnlyForDeploymentPostprocessing = 0;
		};
/* End PBXFrameworksBuildPhase section */

/* Begin PBXGroup section */
		4277192129577019001A9CF9 /* ViewModel */ = {
			isa = PBXGroup;
			children = (
				4277192529577049001A9CF9 /* StoreScreenViewModel.swift */,
			);
			path = ViewModel;
			sourceTree = "<group>";
		};
		4277192229577023001A9CF9 /* View */ = {
			isa = PBXGroup;
			children = (
			);
			path = View;
			sourceTree = "<group>";
		};
		427719232957702A001A9CF9 /* Call */ = {
			isa = PBXGroup;
			children = (
			);
			path = Call;
			sourceTree = "<group>";
		};
		4277192429577032001A9CF9 /* Extension */ = {
			isa = PBXGroup;
			children = (
			);
			path = Extension;
			sourceTree = "<group>";
		};
		427D70BC29523A1E00751781 = {
			isa = PBXGroup;
			children = (
				427D70C729523A1E00751781 /* Pathao Shop */,
				427D70C629523A1E00751781 /* Products */,
				FE07271881264B4A807EED7B /* Pods */,
				56C200FF4B8706F7C2597875 /* Frameworks */,
			);
			sourceTree = "<group>";
		};
		427D70C629523A1E00751781 /* Products */ = {
			isa = PBXGroup;
			children = (
				427D70C529523A1E00751781 /* Pathao Shop.app */,
			);
			name = Products;
			sourceTree = "<group>";
		};
		427D70C729523A1E00751781 /* Pathao Shop */ = {
			isa = PBXGroup;
			children = (
				427D70DF29523C6400751781 /* pathao-shop.json */,
				427D70E32952496500751781 /* Helpers */,
				427D70E42952497F00751781 /* Services */,
				427D70E52952498D00751781 /* Screens */,
				427D70C829523A1E00751781 /* AppDelegate.swift */,
				427D70CA29523A1E00751781 /* SceneDelegate.swift */,
				427D70CE29523A1E00751781 /* Main.storyboard */,
				427D70D429523A2000751781 /* Assets.xcassets */,
				427D70D629523A2000751781 /* LaunchScreen.storyboard */,
				427D70D929523A2000751781 /* Info.plist */,
				427D70D129523A1E00751781 /* Pathao_Shop.xcdatamodeld */,
				427D70E1295243A200751781 /* Model.swift */,
			);
			path = "Pathao Shop";
			sourceTree = "<group>";
		};
		427D70E32952496500751781 /* Helpers */ = {
			isa = PBXGroup;
			children = (
			);
			path = Helpers;
			sourceTree = "<group>";
		};
		427D70E42952497F00751781 /* Services */ = {
			isa = PBXGroup;
			children = (
			);
			path = Services;
			sourceTree = "<group>";
		};
		427D70E52952498D00751781 /* Screens */ = {
			isa = PBXGroup;
			children = (
				42ADAB2929572B69001F125C /* Utils */,
				427D70E6295249BE00751781 /* HomeScreen */,
				427D70E7295249F400751781 /* CategoryItemList */,
				427D70E829524A2500751781 /* StoreScreen */,
			);
			path = Screens;
			sourceTree = "<group>";
		};
		427D70E6295249BE00751781 /* HomeScreen */ = {
			isa = PBXGroup;
			children = (
				A0DA0BEA295336080077C4FE /* Extensions */,
				427D70EB29524A6600751781 /* View */,
				427D70EA29524A4E00751781 /* ViewModel */,
				427D70E929524A4800751781 /* Cell */,
			);
			path = HomeScreen;
			sourceTree = "<group>";
		};
		427D70E7295249F400751781 /* CategoryItemList */ = {
			isa = PBXGroup;
			children = (
			);
			path = CategoryItemList;
			sourceTree = "<group>";
		};
		427D70E829524A2500751781 /* StoreScreen */ = {
			isa = PBXGroup;
			children = (
				4277192429577032001A9CF9 /* Extension */,
				427719232957702A001A9CF9 /* Call */,
				4277192229577023001A9CF9 /* View */,
				4277192129577019001A9CF9 /* ViewModel */,
			);
			path = StoreScreen;
			sourceTree = "<group>";
		};
		427D70E929524A4800751781 /* Cell */ = {
			isa = PBXGroup;
			children = (
				A0DA0BE329532DBB0077C4FE /* ProductItemCell */,
				A0DA0BDE29532D770077C4FE /* TableView */,
			);
			path = Cell;
			sourceTree = "<group>";
		};
		427D70EA29524A4E00751781 /* ViewModel */ = {
			isa = PBXGroup;
			children = (
				A0DA0BE8295331CD0077C4FE /* HomeScreenViewModel.swift */,
			);
			path = ViewModel;
			sourceTree = "<group>";
		};
		427D70EB29524A6600751781 /* View */ = {
			isa = PBXGroup;
			children = (
				427D70CC29523A1E00751781 /* HomeScreen.swift */,
			);
			path = View;
			sourceTree = "<group>";
		};
		42ADAB2929572B69001F125C /* Utils */ = {
			isa = PBXGroup;
			children = (
				42ADAB2A29572B85001F125C /* Extension + NotificationCenter.swift */,
			);
			path = Utils;
			sourceTree = "<group>";
		};
		56C200FF4B8706F7C2597875 /* Frameworks */ = {
			isa = PBXGroup;
			children = (
				021C76315E15C6A9E88349FB /* Pods_Pathao_Shop.framework */,
			);
			name = Frameworks;
			sourceTree = "<group>";
		};
		A0DA0BDE29532D770077C4FE /* TableView */ = {
			isa = PBXGroup;
			children = (
				A0DA0BDF29532DA20077C4FE /* PathaoShopList.swift */,
				A0DA0BE029532DA20077C4FE /* PathaoShopList.xib */,
			);
			path = TableView;
			sourceTree = "<group>";
		};
		A0DA0BE329532DBB0077C4FE /* ProductItemCell */ = {
			isa = PBXGroup;
			children = (
				A0DA0BE429532DE20077C4FE /* ProductItemCell.swift */,
				A0DA0BE529532DE20077C4FE /* ProductItemCell.xib */,
			);
			path = ProductItemCell;
			sourceTree = "<group>";
		};
		A0DA0BEA295336080077C4FE /* Extensions */ = {
			isa = PBXGroup;
			children = (
				A0DA0BEB295336180077C4FE /* Extensions.swift */,
			);
			path = Extensions;
			sourceTree = "<group>";
		};
		FE07271881264B4A807EED7B /* Pods */ = {
			isa = PBXGroup;
			children = (
				36FA558397775418811E8720 /* Pods-Pathao Shop.debug.xcconfig */,
				B45E842736E8BAFEE30CE43B /* Pods-Pathao Shop.release.xcconfig */,
			);
			path = Pods;
			sourceTree = "<group>";
		};
/* End PBXGroup section */

/* Begin PBXNativeTarget section */
		427D70C429523A1E00751781 /* Pathao Shop */ = {
			isa = PBXNativeTarget;
			buildConfigurationList = 427D70DC29523A2000751781 /* Build configuration list for PBXNativeTarget "Pathao Shop" */;
			buildPhases = (
				A25239FCFE31CC01A344B2B5 /* [CP] Check Pods Manifest.lock */,
				427D70C129523A1E00751781 /* Sources */,
				427D70C229523A1E00751781 /* Frameworks */,
				427D70C329523A1E00751781 /* Resources */,
				016CECF196AF2F3851CC6D7C /* [CP] Embed Pods Frameworks */,
			);
			buildRules = (
			);
			dependencies = (
			);
			name = "Pathao Shop";
			productName = "Pathao Shop";
			productReference = 427D70C529523A1E00751781 /* Pathao Shop.app */;
			productType = "com.apple.product-type.application";
		};
/* End PBXNativeTarget section */

/* Begin PBXProject section */
		427D70BD29523A1E00751781 /* Project object */ = {
			isa = PBXProject;
			attributes = {
				BuildIndependentTargetsInParallel = 1;
				LastSwiftUpdateCheck = 1400;
				LastUpgradeCheck = 1400;
				TargetAttributes = {
					427D70C429523A1E00751781 = {
						CreatedOnToolsVersion = 14.0;
					};
				};
			};
			buildConfigurationList = 427D70C029523A1E00751781 /* Build configuration list for PBXProject "Pathao Shop" */;
			compatibilityVersion = "Xcode 14.0";
			developmentRegion = en;
			hasScannedForEncodings = 0;
			knownRegions = (
				en,
				Base,
			);
			mainGroup = 427D70BC29523A1E00751781;
			productRefGroup = 427D70C629523A1E00751781 /* Products */;
			projectDirPath = "";
			projectRoot = "";
			targets = (
				427D70C429523A1E00751781 /* Pathao Shop */,
			);
		};
/* End PBXProject section */

/* Begin PBXResourcesBuildPhase section */
		427D70C329523A1E00751781 /* Resources */ = {
			isa = PBXResourcesBuildPhase;
			buildActionMask = 2147483647;
			files = (
				A0DA0BE729532DE20077C4FE /* ProductItemCell.xib in Resources */,
				A0DA0BE229532DA20077C4FE /* PathaoShopList.xib in Resources */,
				427D70E029523C6400751781 /* pathao-shop.json in Resources */,
				427D70D829523A2000751781 /* LaunchScreen.storyboard in Resources */,
				427D70D529523A2000751781 /* Assets.xcassets in Resources */,
				427D70D029523A1E00751781 /* Main.storyboard in Resources */,
			);
			runOnlyForDeploymentPostprocessing = 0;
		};
/* End PBXResourcesBuildPhase section */

/* Begin PBXShellScriptBuildPhase section */
		016CECF196AF2F3851CC6D7C /* [CP] Embed Pods Frameworks */ = {
			isa = PBXShellScriptBuildPhase;
			buildActionMask = 2147483647;
			files = (
			);
			inputFileListPaths = (
				"${PODS_ROOT}/Target Support Files/Pods-Pathao Shop/Pods-Pathao Shop-frameworks-${CONFIGURATION}-input-files.xcfilelist",
			);
			name = "[CP] Embed Pods Frameworks";
			outputFileListPaths = (
				"${PODS_ROOT}/Target Support Files/Pods-Pathao Shop/Pods-Pathao Shop-frameworks-${CONFIGURATION}-output-files.xcfilelist",
			);
			runOnlyForDeploymentPostprocessing = 0;
			shellPath = /bin/sh;
			shellScript = "\"${PODS_ROOT}/Target Support Files/Pods-Pathao Shop/Pods-Pathao Shop-frameworks.sh\"\n";
			showEnvVarsInLog = 0;
		};
		A25239FCFE31CC01A344B2B5 /* [CP] Check Pods Manifest.lock */ = {
			isa = PBXShellScriptBuildPhase;
			buildActionMask = 2147483647;
			files = (
			);
			inputFileListPaths = (
			);
			inputPaths = (
				"${PODS_PODFILE_DIR_PATH}/Podfile.lock",
				"${PODS_ROOT}/Manifest.lock",
			);
			name = "[CP] Check Pods Manifest.lock";
			outputFileListPaths = (
			);
			outputPaths = (
				"$(DERIVED_FILE_DIR)/Pods-Pathao Shop-checkManifestLockResult.txt",
			);
			runOnlyForDeploymentPostprocessing = 0;
			shellPath = /bin/sh;
			shellScript = "diff \"${PODS_PODFILE_DIR_PATH}/Podfile.lock\" \"${PODS_ROOT}/Manifest.lock\" > /dev/null\nif [ $? != 0 ] ; then\n    # print error to STDERR\n    echo \"error: The sandbox is not in sync with the Podfile.lock. Run 'pod install' or update your CocoaPods installation.\" >&2\n    exit 1\nfi\n# This output is used by Xcode 'outputs' to avoid re-running this script phase.\necho \"SUCCESS\" > \"${SCRIPT_OUTPUT_FILE_0}\"\n";
			showEnvVarsInLog = 0;
		};
/* End PBXShellScriptBuildPhase section */

/* Begin PBXSourcesBuildPhase section */
		427D70C129523A1E00751781 /* Sources */ = {
			isa = PBXSourcesBuildPhase;
			buildActionMask = 2147483647;
			files = (
				A0DA0BE629532DE20077C4FE /* ProductItemCell.swift in Sources */,
				A0DA0BEC295336180077C4FE /* Extensions.swift in Sources */,
				A0DA0BE9295331CD0077C4FE /* HomeScreenViewModel.swift in Sources */,
				427D70E2295243A200751781 /* Model.swift in Sources */,
				427D70CD29523A1E00751781 /* HomeScreen.swift in Sources */,
				42ADAB2B29572B85001F125C /* Extension + NotificationCenter.swift in Sources */,
				427D70C929523A1E00751781 /* AppDelegate.swift in Sources */,
				427D70D329523A1E00751781 /* Pathao_Shop.xcdatamodeld in Sources */,
				A0DA0BE129532DA20077C4FE /* PathaoShopList.swift in Sources */,
				427D70CB29523A1E00751781 /* SceneDelegate.swift in Sources */,
				4277192629577049001A9CF9 /* StoreScreenViewModel.swift in Sources */,
			);
			runOnlyForDeploymentPostprocessing = 0;
		};
/* End PBXSourcesBuildPhase section */

/* Begin PBXVariantGroup section */
		427D70CE29523A1E00751781 /* Main.storyboard */ = {
			isa = PBXVariantGroup;
			children = (
				427D70CF29523A1E00751781 /* Base */,
			);
			name = Main.storyboard;
			sourceTree = "<group>";
		};
		427D70D629523A2000751781 /* LaunchScreen.storyboard */ = {
			isa = PBXVariantGroup;
			children = (
				427D70D729523A2000751781 /* Base */,
			);
			name = LaunchScreen.storyboard;
			sourceTree = "<group>";
		};
/* End PBXVariantGroup section */

/* Begin XCBuildConfiguration section */
		427D70DA29523A2000751781 /* Debug */ = {
			isa = XCBuildConfiguration;
			buildSettings = {
				ALWAYS_SEARCH_USER_PATHS = NO;
				CLANG_ANALYZER_NONNULL = YES;
				CLANG_ANALYZER_NUMBER_OBJECT_CONVERSION = YES_AGGRESSIVE;
				CLANG_CXX_LANGUAGE_STANDARD = "gnu++20";
				CLANG_ENABLE_MODULES = YES;
				CLANG_ENABLE_OBJC_ARC = YES;
				CLANG_ENABLE_OBJC_WEAK = YES;
				CLANG_WARN_BLOCK_CAPTURE_AUTORELEASING = YES;
				CLANG_WARN_BOOL_CONVERSION = YES;
				CLANG_WARN_COMMA = YES;
				CLANG_WARN_CONSTANT_CONVERSION = YES;
				CLANG_WARN_DEPRECATED_OBJC_IMPLEMENTATIONS = YES;
				CLANG_WARN_DIRECT_OBJC_ISA_USAGE = YES_ERROR;
				CLANG_WARN_DOCUMENTATION_COMMENTS = YES;
				CLANG_WARN_EMPTY_BODY = YES;
				CLANG_WARN_ENUM_CONVERSION = YES;
				CLANG_WARN_INFINITE_RECURSION = YES;
				CLANG_WARN_INT_CONVERSION = YES;
				CLANG_WARN_NON_LITERAL_NULL_CONVERSION = YES;
				CLANG_WARN_OBJC_IMPLICIT_RETAIN_SELF = YES;
				CLANG_WARN_OBJC_LITERAL_CONVERSION = YES;
				CLANG_WARN_OBJC_ROOT_CLASS = YES_ERROR;
				CLANG_WARN_QUOTED_INCLUDE_IN_FRAMEWORK_HEADER = YES;
				CLANG_WARN_RANGE_LOOP_ANALYSIS = YES;
				CLANG_WARN_STRICT_PROTOTYPES = YES;
				CLANG_WARN_SUSPICIOUS_MOVE = YES;
				CLANG_WARN_UNGUARDED_AVAILABILITY = YES_AGGRESSIVE;
				CLANG_WARN_UNREACHABLE_CODE = YES;
				CLANG_WARN__DUPLICATE_METHOD_MATCH = YES;
				COPY_PHASE_STRIP = NO;
				DEBUG_INFORMATION_FORMAT = dwarf;
				ENABLE_STRICT_OBJC_MSGSEND = YES;
				ENABLE_TESTABILITY = YES;
				GCC_C_LANGUAGE_STANDARD = gnu11;
				GCC_DYNAMIC_NO_PIC = NO;
				GCC_NO_COMMON_BLOCKS = YES;
				GCC_OPTIMIZATION_LEVEL = 0;
				GCC_PREPROCESSOR_DEFINITIONS = (
					"DEBUG=1",
					"$(inherited)",
				);
				GCC_WARN_64_TO_32_BIT_CONVERSION = YES;
				GCC_WARN_ABOUT_RETURN_TYPE = YES_ERROR;
				GCC_WARN_UNDECLARED_SELECTOR = YES;
				GCC_WARN_UNINITIALIZED_AUTOS = YES_AGGRESSIVE;
				GCC_WARN_UNUSED_FUNCTION = YES;
				GCC_WARN_UNUSED_VARIABLE = YES;
				IPHONEOS_DEPLOYMENT_TARGET = 16.0;
				MTL_ENABLE_DEBUG_INFO = INCLUDE_SOURCE;
				MTL_FAST_MATH = YES;
				ONLY_ACTIVE_ARCH = YES;
				SDKROOT = iphoneos;
				SWIFT_ACTIVE_COMPILATION_CONDITIONS = DEBUG;
				SWIFT_OPTIMIZATION_LEVEL = "-Onone";
			};
			name = Debug;
		};
		427D70DB29523A2000751781 /* Release */ = {
			isa = XCBuildConfiguration;
			buildSettings = {
				ALWAYS_SEARCH_USER_PATHS = NO;
				CLANG_ANALYZER_NONNULL = YES;
				CLANG_ANALYZER_NUMBER_OBJECT_CONVERSION = YES_AGGRESSIVE;
				CLANG_CXX_LANGUAGE_STANDARD = "gnu++20";
				CLANG_ENABLE_MODULES = YES;
				CLANG_ENABLE_OBJC_ARC = YES;
				CLANG_ENABLE_OBJC_WEAK = YES;
				CLANG_WARN_BLOCK_CAPTURE_AUTORELEASING = YES;
				CLANG_WARN_BOOL_CONVERSION = YES;
				CLANG_WARN_COMMA = YES;
				CLANG_WARN_CONSTANT_CONVERSION = YES;
				CLANG_WARN_DEPRECATED_OBJC_IMPLEMENTATIONS = YES;
				CLANG_WARN_DIRECT_OBJC_ISA_USAGE = YES_ERROR;
				CLANG_WARN_DOCUMENTATION_COMMENTS = YES;
				CLANG_WARN_EMPTY_BODY = YES;
				CLANG_WARN_ENUM_CONVERSION = YES;
				CLANG_WARN_INFINITE_RECURSION = YES;
				CLANG_WARN_INT_CONVERSION = YES;
				CLANG_WARN_NON_LITERAL_NULL_CONVERSION = YES;
				CLANG_WARN_OBJC_IMPLICIT_RETAIN_SELF = YES;
				CLANG_WARN_OBJC_LITERAL_CONVERSION = YES;
				CLANG_WARN_OBJC_ROOT_CLASS = YES_ERROR;
				CLANG_WARN_QUOTED_INCLUDE_IN_FRAMEWORK_HEADER = YES;
				CLANG_WARN_RANGE_LOOP_ANALYSIS = YES;
				CLANG_WARN_STRICT_PROTOTYPES = YES;
				CLANG_WARN_SUSPICIOUS_MOVE = YES;
				CLANG_WARN_UNGUARDED_AVAILABILITY = YES_AGGRESSIVE;
				CLANG_WARN_UNREACHABLE_CODE = YES;
				CLANG_WARN__DUPLICATE_METHOD_MATCH = YES;
				COPY_PHASE_STRIP = NO;
				DEBUG_INFORMATION_FORMAT = "dwarf-with-dsym";
				ENABLE_NS_ASSERTIONS = NO;
				ENABLE_STRICT_OBJC_MSGSEND = YES;
				GCC_C_LANGUAGE_STANDARD = gnu11;
				GCC_NO_COMMON_BLOCKS = YES;
				GCC_WARN_64_TO_32_BIT_CONVERSION = YES;
				GCC_WARN_ABOUT_RETURN_TYPE = YES_ERROR;
				GCC_WARN_UNDECLARED_SELECTOR = YES;
				GCC_WARN_UNINITIALIZED_AUTOS = YES_AGGRESSIVE;
				GCC_WARN_UNUSED_FUNCTION = YES;
				GCC_WARN_UNUSED_VARIABLE = YES;
				IPHONEOS_DEPLOYMENT_TARGET = 16.0;
				MTL_ENABLE_DEBUG_INFO = NO;
				MTL_FAST_MATH = YES;
				SDKROOT = iphoneos;
				SWIFT_COMPILATION_MODE = wholemodule;
				SWIFT_OPTIMIZATION_LEVEL = "-O";
				VALIDATE_PRODUCT = YES;
			};
			name = Release;
		};
		427D70DD29523A2000751781 /* Debug */ = {
			isa = XCBuildConfiguration;
			baseConfigurationReference = 36FA558397775418811E8720 /* Pods-Pathao Shop.debug.xcconfig */;
			buildSettings = {
				ASSETCATALOG_COMPILER_APPICON_NAME = AppIcon;
				ASSETCATALOG_COMPILER_GLOBAL_ACCENT_COLOR_NAME = AccentColor;
				CODE_SIGN_STYLE = Automatic;
				CURRENT_PROJECT_VERSION = 1;
				DEVELOPMENT_TEAM = 3QKRM5UBYB;
				GENERATE_INFOPLIST_FILE = YES;
				INFOPLIST_FILE = "Pathao Shop/Info.plist";
				INFOPLIST_KEY_UIApplicationSupportsIndirectInputEvents = YES;
				INFOPLIST_KEY_UILaunchStoryboardName = LaunchScreen;
				INFOPLIST_KEY_UIMainStoryboardFile = Main;
				INFOPLIST_KEY_UISupportedInterfaceOrientations_iPad = "UIInterfaceOrientationPortrait UIInterfaceOrientationPortraitUpsideDown UIInterfaceOrientationLandscapeLeft UIInterfaceOrientationLandscapeRight";
				INFOPLIST_KEY_UISupportedInterfaceOrientations_iPhone = "UIInterfaceOrientationPortrait UIInterfaceOrientationLandscapeLeft UIInterfaceOrientationLandscapeRight";
				LD_RUNPATH_SEARCH_PATHS = (
					"$(inherited)",
					"@executable_path/Frameworks",
				);
				MARKETING_VERSION = 1.0;
				PRODUCT_BUNDLE_IDENTIFIER = "com.ahmed.Pathao-Shop";
				PRODUCT_NAME = "$(TARGET_NAME)";
				SWIFT_EMIT_LOC_STRINGS = YES;
				SWIFT_VERSION = 5.0;
				TARGETED_DEVICE_FAMILY = "1,2";
			};
			name = Debug;
		};
		427D70DE29523A2000751781 /* Release */ = {
			isa = XCBuildConfiguration;
			baseConfigurationReference = B45E842736E8BAFEE30CE43B /* Pods-Pathao Shop.release.xcconfig */;
			buildSettings = {
				ASSETCATALOG_COMPILER_APPICON_NAME = AppIcon;
				ASSETCATALOG_COMPILER_GLOBAL_ACCENT_COLOR_NAME = AccentColor;
				CODE_SIGN_STYLE = Automatic;
				CURRENT_PROJECT_VERSION = 1;
				DEVELOPMENT_TEAM = 3QKRM5UBYB;
				GENERATE_INFOPLIST_FILE = YES;
				INFOPLIST_FILE = "Pathao Shop/Info.plist";
				INFOPLIST_KEY_UIApplicationSupportsIndirectInputEvents = YES;
				INFOPLIST_KEY_UILaunchStoryboardName = LaunchScreen;
				INFOPLIST_KEY_UIMainStoryboardFile = Main;
				INFOPLIST_KEY_UISupportedInterfaceOrientations_iPad = "UIInterfaceOrientationPortrait UIInterfaceOrientationPortraitUpsideDown UIInterfaceOrientationLandscapeLeft UIInterfaceOrientationLandscapeRight";
				INFOPLIST_KEY_UISupportedInterfaceOrientations_iPhone = "UIInterfaceOrientationPortrait UIInterfaceOrientationLandscapeLeft UIInterfaceOrientationLandscapeRight";
				LD_RUNPATH_SEARCH_PATHS = (
					"$(inherited)",
					"@executable_path/Frameworks",
				);
				MARKETING_VERSION = 1.0;
				PRODUCT_BUNDLE_IDENTIFIER = "com.ahmed.Pathao-Shop";
				PRODUCT_NAME = "$(TARGET_NAME)";
				SWIFT_EMIT_LOC_STRINGS = YES;
				SWIFT_VERSION = 5.0;
				TARGETED_DEVICE_FAMILY = "1,2";
			};
			name = Release;
		};
/* End XCBuildConfiguration section */

/* Begin XCConfigurationList section */
		427D70C029523A1E00751781 /* Build configuration list for PBXProject "Pathao Shop" */ = {
			isa = XCConfigurationList;
			buildConfigurations = (
				427D70DA29523A2000751781 /* Debug */,
				427D70DB29523A2000751781 /* Release */,
			);
			defaultConfigurationIsVisible = 0;
			defaultConfigurationName = Release;
		};
		427D70DC29523A2000751781 /* Build configuration list for PBXNativeTarget "Pathao Shop" */ = {
			isa = XCConfigurationList;
			buildConfigurations = (
				427D70DD29523A2000751781 /* Debug */,
				427D70DE29523A2000751781 /* Release */,
			);
			defaultConfigurationIsVisible = 0;
			defaultConfigurationName = Release;
		};
/* End XCConfigurationList section */

/* Begin XCVersionGroup section */
		427D70D129523A1E00751781 /* Pathao_Shop.xcdatamodeld */ = {
			isa = XCVersionGroup;
			children = (
				427D70D229523A1E00751781 /* Pathao_Shop.xcdatamodel */,
			);
			currentVersion = 427D70D229523A1E00751781 /* Pathao_Shop.xcdatamodel */;
			path = Pathao_Shop.xcdatamodeld;
			sourceTree = "<group>";
			versionGroupType = wrapper.xcdatamodel;
		};
/* End XCVersionGroup section */
	};
	rootObject = 427D70BD29523A1E00751781 /* Project object */;
}
